
Microsoft Visual Studio Solution File, Format Version 12.00
# Visual Studio Version 17
VisualStudioVersion = 17.0.32112.339
MinimumVisualStudioVersion = 10.0.40219.1
Project("{FAE04EC0-301F-11D3-BF4B-00C04F79EFBC}") = "AppleStore.Data", "AppleStore.Data\AppleStore.Data.csproj", "{B23A9FFC-03B5-4141-9C0F-746202568404}"
EndProject
Project("{FAE04EC0-301F-11D3-BF4B-00C04F79EFBC}") = "AppleStore.Common", "AppleStore.Common\AppleStore.Common.csproj", "{B00BD8A4-D160-4BDD-92D6-637FF9759D75}"
EndProject
Project("{FAE04EC0-301F-11D3-BF4B-00C04F79EFBC}") = "AppleStore.Web", "AppleStore.Web\AppleStore.Web.csproj", "{78BDE633-DC98-44FA-BA69-C65070905FE8}"
EndProject
Project("{FAE04EC0-301F-11D3-BF4B-00C04F79EFBC}") = "AppleStore.Tests", "AppleStore.Tests\AppleStore.Tests.csproj", "{B56D085D-3AF5-47BE-8EBD-7FC992166E85}"
	ProjectSection(ProjectDependencies) = postProject
		{B00BD8A4-D160-4BDD-92D6-637FF9759D75} = {B00BD8A4-D160-4BDD-92D6-637FF9759D75}
	EndProjectSection
EndProject
Project("{FAE04EC0-301F-11D3-BF4B-00C04F79EFBC}") = "AppleStore.Services", "AppleStore.Services\AppleStore.Services.csproj", "{EB5D5FF9-9324-496C-B5B9-A4E5FCB55135}"
EndProject
Project("{2150E333-8FDC-42A3-9474-1A3956D46DE8}") = "Data", "Data", "{BFC6A4D8-0C23-44B5-821D-B48F452FB22B}"
EndProject
Project("{2150E333-8FDC-42A3-9474-1A3956D46DE8}") = "Services", "Services", "{EA69963D-E9BE-4D3C-A1AC-F37BC5A78AC4}"
EndProject
Project("{2150E333-8FDC-42A3-9474-1A3956D46DE8}") = "Web", "Web", "{6BEE41E8-1D98-4B1B-BD56-D836F2B11907}"
EndProject
Project("{2150E333-8FDC-42A3-9474-1A3956D46DE8}") = "Tests", "Tests", "{D884F589-7DA4-4835-A81D-B4E2349D89F0}"
EndProject
Project("{2150E333-8FDC-42A3-9474-1A3956D46DE8}") = "Common", "Common", "{76318DD6-E15F-4B33-915D-324852232F0A}"
EndProject
Project("{FAE04EC0-301F-11D3-BF4B-00C04F79EFBC}") = "AppleStore.InputModels", "AppleStore.InputModels\AppleStore.InputModels.csproj", "{16E780D2-257F-42D8-862B-8F954EB6C29E}"
EndProject
Project("{FAE04EC0-301F-11D3-BF4B-00C04F79EFBC}") = "AppleStore.Contracts", "AppleStore.Contracts\AppleStore.Contracts.csproj", "{F0BC5E56-D76A-4927-B539-14916C078073}"
EndProject
Project("{FAE04EC0-301F-11D3-BF4B-00C04F79EFBC}") = "AppleStore.Models", "AppleStore.Models\AppleStore.Models.csproj", "{1D880C1D-C7C5-48E6-A8BB-0919E19B04A5}"
EndProject
Project("{FAE04EC0-301F-11D3-BF4B-00C04F79EFBC}") = "AppleStore.Enums", "AppleStore.Enums\AppleStore.Enums.csproj", "{96FA7484-6669-4265-87EB-78084EEEC55B}"
EndProject
Project("{FAE04EC0-301F-11D3-BF4B-00C04F79EFBC}") = "AppleStore.ViewModels", "AppleStore.ViewModels\AppleStore.ViewModels.csproj", "{AA9FE518-879A-42A9-90CC-6681008530D5}"
EndProject
Global
	GlobalSection(SolutionConfigurationPlatforms) = preSolution
		Debug|Any CPU = Debug|Any CPU
		Release|Any CPU = Release|Any CPU
	EndGlobalSection
	GlobalSection(ProjectConfigurationPlatforms) = postSolution
		{B23A9FFC-03B5-4141-9C0F-746202568404}.Debug|Any CPU.ActiveCfg = Debug|Any CPU
		{B23A9FFC-03B5-4141-9C0F-746202568404}.Debug|Any CPU.Build.0 = Debug|Any CPU
		{B23A9FFC-03B5-4141-9C0F-746202568404}.Release|Any CPU.ActiveCfg = Release|Any CPU
		{B23A9FFC-03B5-4141-9C0F-746202568404}.Release|Any CPU.Build.0 = Release|Any CPU
		{B00BD8A4-D160-4BDD-92D6-637FF9759D75}.Debug|Any CPU.ActiveCfg = Debug|Any CPU
		{B00BD8A4-D160-4BDD-92D6-637FF9759D75}.Debug|Any CPU.Build.0 = Debug|Any CPU
		{B00BD8A4-D160-4BDD-92D6-637FF9759D75}.Release|Any CPU.ActiveCfg = Release|Any CPU
		{B00BD8A4-D160-4BDD-92D6-637FF9759D75}.Release|Any CPU.Build.0 = Release|Any CPU
		{78BDE633-DC98-44FA-BA69-C65070905FE8}.Debug|Any CPU.ActiveCfg = Debug|Any CPU
		{78BDE633-DC98-44FA-BA69-C65070905FE8}.Debug|Any CPU.Build.0 = Debug|Any CPU
		{78BDE633-DC98-44FA-BA69-C65070905FE8}.Release|Any CPU.ActiveCfg = Release|Any CPU
		{78BDE633-DC98-44FA-BA69-C65070905FE8}.Release|Any CPU.Build.0 = Release|Any CPU
		{B56D085D-3AF5-47BE-8EBD-7FC992166E85}.Debug|Any CPU.ActiveCfg = Debug|Any CPU
		{B56D085D-3AF5-47BE-8EBD-7FC992166E85}.Debug|Any CPU.Build.0 = Debug|Any CPU
		{B56D085D-3AF5-47BE-8EBD-7FC992166E85}.Release|Any CPU.ActiveCfg = Release|Any CPU
		{B56D085D-3AF5-47BE-8EBD-7FC992166E85}.Release|Any CPU.Build.0 = Release|Any CPU
		{EB5D5FF9-9324-496C-B5B9-A4E5FCB55135}.Debug|Any CPU.ActiveCfg = Debug|Any CPU
		{EB5D5FF9-9324-496C-B5B9-A4E5FCB55135}.Debug|Any CPU.Build.0 = Debug|Any CPU
		{EB5D5FF9-9324-496C-B5B9-A4E5FCB55135}.Release|Any CPU.ActiveCfg = Release|Any CPU
		{EB5D5FF9-9324-496C-B5B9-A4E5FCB55135}.Release|Any CPU.Build.0 = Release|Any CPU
		{16E780D2-257F-42D8-862B-8F954EB6C29E}.Debug|Any CPU.ActiveCfg = Debug|Any CPU
		{16E780D2-257F-42D8-862B-8F954EB6C29E}.Debug|Any CPU.Build.0 = Debug|Any CPU
		{16E780D2-257F-42D8-862B-8F954EB6C29E}.Release|Any CPU.ActiveCfg = Release|Any CPU
		{16E780D2-257F-42D8-862B-8F954EB6C29E}.Release|Any CPU.Build.0 = Release|Any CPU
		{F0BC5E56-D76A-4927-B539-14916C078073}.Debug|Any CPU.ActiveCfg = Debug|Any CPU
		{F0BC5E56-D76A-4927-B539-14916C078073}.Debug|Any CPU.Build.0 = Debug|Any CPU
		{F0BC5E56-D76A-4927-B539-14916C078073}.Release|Any CPU.ActiveCfg = Release|Any CPU
		{F0BC5E56-D76A-4927-B539-14916C078073}.Release|Any CPU.Build.0 = Release|Any CPU
		{1D880C1D-C7C5-48E6-A8BB-0919E19B04A5}.Debug|Any CPU.ActiveCfg = Debug|Any CPU
		{1D880C1D-C7C5-48E6-A8BB-0919E19B04A5}.Debug|Any CPU.Build.0 = Debug|Any CPU
		{1D880C1D-C7C5-48E6-A8BB-0919E19B04A5}.Release|Any CPU.ActiveCfg = Release|Any CPU
		{1D880C1D-C7C5-48E6-A8BB-0919E19B04A5}.Release|Any CPU.Build.0 = Release|Any CPU
		{96FA7484-6669-4265-87EB-78084EEEC55B}.Debug|Any CPU.ActiveCfg = Debug|Any CPU
		{96FA7484-6669-4265-87EB-78084EEEC55B}.Debug|Any CPU.Build.0 = Debug|Any CPU
		{96FA7484-6669-4265-87EB-78084EEEC55B}.Release|Any CPU.ActiveCfg = Release|Any CPU
		{96FA7484-6669-4265-87EB-78084EEEC55B}.Release|Any CPU.Build.0 = Release|Any CPU
		{AA9FE518-879A-42A9-90CC-6681008530D5}.Debug|Any CPU.ActiveCfg = Debug|Any CPU
		{AA9FE518-879A-42A9-90CC-6681008530D5}.Debug|Any CPU.Build.0 = Debug|Any CPU
		{AA9FE518-879A-42A9-90CC-6681008530D5}.Release|Any CPU.ActiveCfg = Release|Any CPU
		{AA9FE518-879A-42A9-90CC-6681008530D5}.Release|Any CPU.Build.0 = Release|Any CPU
	EndGlobalSection
	GlobalSection(SolutionProperties) = preSolution
		HideSolutionNode = FALSE
	EndGlobalSection
	GlobalSection(NestedProjects) = preSolution
		{B23A9FFC-03B5-4141-9C0F-746202568404} = {BFC6A4D8-0C23-44B5-821D-B48F452FB22B}
		{B00BD8A4-D160-4BDD-92D6-637FF9759D75} = {76318DD6-E15F-4B33-915D-324852232F0A}
		{78BDE633-DC98-44FA-BA69-C65070905FE8} = {6BEE41E8-1D98-4B1B-BD56-D836F2B11907}
		{B56D085D-3AF5-47BE-8EBD-7FC992166E85} = {D884F589-7DA4-4835-A81D-B4E2349D89F0}
		{EB5D5FF9-9324-496C-B5B9-A4E5FCB55135} = {EA69963D-E9BE-4D3C-A1AC-F37BC5A78AC4}
		{16E780D2-257F-42D8-862B-8F954EB6C29E} = {EA69963D-E9BE-4D3C-A1AC-F37BC5A78AC4}
		{F0BC5E56-D76A-4927-B539-14916C078073} = {76318DD6-E15F-4B33-915D-324852232F0A}
		{1D880C1D-C7C5-48E6-A8BB-0919E19B04A5} = {BFC6A4D8-0C23-44B5-821D-B48F452FB22B}
		{96FA7484-6669-4265-87EB-78084EEEC55B} = {76318DD6-E15F-4B33-915D-324852232F0A}
		{AA9FE518-879A-42A9-90CC-6681008530D5} = {EA69963D-E9BE-4D3C-A1AC-F37BC5A78AC4}
	EndGlobalSection
	GlobalSection(ExtensibilityGlobals) = postSolution
		SolutionGuid = {12FEF00C-F7C0-445B-A224-6D6036D871BE}
	EndGlobalSection
EndGlobal
